
Microsoft Visual Studio Solution File, Format Version 12.00
# Visual Studio 2012
Project("{FAE04EC0-301F-11D3-BF4B-00C04F79EFBC}") = "cdma_bstation", "cdma_bstation\cdma_bstation.csproj", "{12A7C6CC-D247-4743-B161-A9800DFA58EF}"
EndProject
Project("{FAE04EC0-301F-11D3-BF4B-00C04F79EFBC}") = "cdma_accumulator", "cdma_accumulator\cdma_accumulator.csproj", "{AF1638F4-21F4-4563-8945-9F55CBB2891E}"
EndProject
Project("{FAE04EC0-301F-11D3-BF4B-00C04F79EFBC}") = "cdma_receiver", "cdma_receiver\cdma_receiver.csproj", "{BA803BD1-0774-45CD-8CF5-FBD838BEFA01}"
EndProject
Global
	GlobalSection(SolutionConfigurationPlatforms) = preSolution
		Debug|Any CPU = Debug|Any CPU
		Release|Any CPU = Release|Any CPU
	EndGlobalSection
	GlobalSection(ProjectConfigurationPlatforms) = postSolution
		{12A7C6CC-D247-4743-B161-A9800DFA58EF}.Debug|Any CPU.ActiveCfg = Debug|Any CPU
		{12A7C6CC-D247-4743-B161-A9800DFA58EF}.Debug|Any CPU.Build.0 = Debug|Any CPU
		{12A7C6CC-D247-4743-B161-A9800DFA58EF}.Release|Any CPU.ActiveCfg = Release|Any CPU
		{12A7C6CC-D247-4743-B161-A9800DFA58EF}.Release|Any CPU.Build.0 = Release|Any CPU
		{AF1638F4-21F4-4563-8945-9F55CBB2891E}.Debug|Any CPU.ActiveCfg = Debug|Any CPU
		{AF1638F4-21F4-4563-8945-9F55CBB2891E}.Debug|Any CPU.Build.0 = Debug|Any CPU
		{AF1638F4-21F4-4563-8945-9F55CBB2891E}.Release|Any CPU.ActiveCfg = Release|Any CPU
		{AF1638F4-21F4-4563-8945-9F55CBB2891E}.Release|Any CPU.Build.0 = Release|Any CPU
		{BA803BD1-0774-45CD-8CF5-FBD838BEFA01}.Debug|Any CPU.ActiveCfg = Debug|Any CPU
		{BA803BD1-0774-45CD-8CF5-FBD838BEFA01}.Debug|Any CPU.Build.0 = Debug|Any CPU
		{BA803BD1-0774-45CD-8CF5-FBD838BEFA01}.Release|Any CPU.ActiveCfg = Release|Any CPU
		{BA803BD1-0774-45CD-8CF5-FBD838BEFA01}.Release|Any CPU.Build.0 = Release|Any CPU
	EndGlobalSection
	GlobalSection(SolutionProperties) = preSolution
		HideSolutionNode = FALSE
	EndGlobalSection
EndGlobal
